
Microsoft Visual Studio Solution File, Format Version 12.00
# Visual Studio Version 16
VisualStudioVersion = 16.0.31005.135
MinimumVisualStudioVersion = 10.0.40219.1
Project("{9A19103F-16F7-4668-BE54-9A1E7A4F7556}") = "Evento.Api", "Evento.Api\Evento.Api.csproj", "{0D2AB17C-1E05-4BC8-B7E3-E903003A0F25}"
EndProject
Project("{9A19103F-16F7-4668-BE54-9A1E7A4F7556}") = "Evento.Core", "Evento.Core\Evento.Core.csproj", "{8C6B81B0-0CEC-4C53-9187-A672588A85E0}"
EndProject
Project("{9A19103F-16F7-4668-BE54-9A1E7A4F7556}") = "Evento.Infrastructure", "Evento.Infrastructure\Evento.Infrastructure.csproj", "{5AA43CAB-389C-42E5-9D84-7253925D8574}"
EndProject
Project("{2150E333-8FDC-42A3-9474-1A3956D46DE8}") = "src", "src", "{DC5BA746-E984-437B-8684-1684FF733034}"
EndProject
Global
	GlobalSection(SolutionConfigurationPlatforms) = preSolution
		Debug|Any CPU = Debug|Any CPU
		Release|Any CPU = Release|Any CPU
	EndGlobalSection
	GlobalSection(ProjectConfigurationPlatforms) = postSolution
		{0D2AB17C-1E05-4BC8-B7E3-E903003A0F25}.Debug|Any CPU.ActiveCfg = Debug|Any CPU
		{0D2AB17C-1E05-4BC8-B7E3-E903003A0F25}.Debug|Any CPU.Build.0 = Debug|Any CPU
		{0D2AB17C-1E05-4BC8-B7E3-E903003A0F25}.Release|Any CPU.ActiveCfg = Release|Any CPU
		{0D2AB17C-1E05-4BC8-B7E3-E903003A0F25}.Release|Any CPU.Build.0 = Release|Any CPU
		{8C6B81B0-0CEC-4C53-9187-A672588A85E0}.Debug|Any CPU.ActiveCfg = Debug|Any CPU
		{8C6B81B0-0CEC-4C53-9187-A672588A85E0}.Debug|Any CPU.Build.0 = Debug|Any CPU
		{8C6B81B0-0CEC-4C53-9187-A672588A85E0}.Release|Any CPU.ActiveCfg = Release|Any CPU
		{8C6B81B0-0CEC-4C53-9187-A672588A85E0}.Release|Any CPU.Build.0 = Release|Any CPU
		{5AA43CAB-389C-42E5-9D84-7253925D8574}.Debug|Any CPU.ActiveCfg = Debug|Any CPU
		{5AA43CAB-389C-42E5-9D84-7253925D8574}.Debug|Any CPU.Build.0 = Debug|Any CPU
		{5AA43CAB-389C-42E5-9D84-7253925D8574}.Release|Any CPU.ActiveCfg = Release|Any CPU
		{5AA43CAB-389C-42E5-9D84-7253925D8574}.Release|Any CPU.Build.0 = Release|Any CPU
	EndGlobalSection
	GlobalSection(SolutionProperties) = preSolution
		HideSolutionNode = FALSE
	EndGlobalSection
	GlobalSection(NestedProjects) = preSolution
		{0D2AB17C-1E05-4BC8-B7E3-E903003A0F25} = {DC5BA746-E984-437B-8684-1684FF733034}
		{8C6B81B0-0CEC-4C53-9187-A672588A85E0} = {DC5BA746-E984-437B-8684-1684FF733034}
		{5AA43CAB-389C-42E5-9D84-7253925D8574} = {DC5BA746-E984-437B-8684-1684FF733034}
	EndGlobalSection
	GlobalSection(ExtensibilityGlobals) = postSolution
		SolutionGuid = {D55746EE-AFB2-4F71-88C5-7BCA466E193F}
	EndGlobalSection
EndGlobal
